
Microsoft Visual Studio Solution File, Format Version 11.00
# Visual Studio 2010
Project("{FAE04EC0-301F-11D3-BF4B-00C04F79EFBC}") = "DrillDownBieren", "DrillDownBieren\DrillDownBieren.csproj", "{04CA03E2-85E1-4B42-8B97-729900CD6448}"
EndProject
Global
	GlobalSection(SolutionConfigurationPlatforms) = preSolution
		Debug|Any CPU = Debug|Any CPU
		Release|Any CPU = Release|Any CPU
	EndGlobalSection
	GlobalSection(ProjectConfigurationPlatforms) = postSolution
		{04CA03E2-85E1-4B42-8B97-729900CD6448}.Debug|Any CPU.ActiveCfg = Debug|Any CPU
		{04CA03E2-85E1-4B42-8B97-729900CD6448}.Debug|Any CPU.Build.0 = Debug|Any CPU
		{04CA03E2-85E1-4B42-8B97-729900CD6448}.Release|Any CPU.ActiveCfg = Release|Any CPU
		{04CA03E2-85E1-4B42-8B97-729900CD6448}.Release|Any CPU.Build.0 = Release|Any CPU
	EndGlobalSection
	GlobalSection(SolutionProperties) = preSolution
		HideSolutionNode = FALSE
	EndGlobalSection
EndGlobal
